
Microsoft Visual Studio Solution File, Format Version 12.00
# Visual Studio Version 16
VisualStudioVersion = 16.0.31410.357
MinimumVisualStudioVersion = 10.0.40219.1
Project("{FAE04EC0-301F-11D3-BF4B-00C04F79EFBC}") = "ControleDeDocumentos", "ControleDeDocumentos\ControleDeDocumentos.csproj", "{FDADC32E-DD3A-4A2B-A7D2-A7D32DA588A7}"
EndProject
Global
	GlobalSection(SolutionConfigurationPlatforms) = preSolution
		Debug|Any CPU = Debug|Any CPU
		Release|Any CPU = Release|Any CPU
	EndGlobalSection
	GlobalSection(ProjectConfigurationPlatforms) = postSolution
		{FDADC32E-DD3A-4A2B-A7D2-A7D32DA588A7}.Debug|Any CPU.ActiveCfg = Debug|Any CPU
		{FDADC32E-DD3A-4A2B-A7D2-A7D32DA588A7}.Debug|Any CPU.Build.0 = Debug|Any CPU
		{FDADC32E-DD3A-4A2B-A7D2-A7D32DA588A7}.Release|Any CPU.ActiveCfg = Release|Any CPU
		{FDADC32E-DD3A-4A2B-A7D2-A7D32DA588A7}.Release|Any CPU.Build.0 = Release|Any CPU
	EndGlobalSection
	GlobalSection(SolutionProperties) = preSolution
		HideSolutionNode = FALSE
	EndGlobalSection
	GlobalSection(ExtensibilityGlobals) = postSolution
		SolutionGuid = {82A5A40D-3183-4C1F-A032-AE6585871BA8}
	EndGlobalSection
EndGlobal
